
Microsoft Visual Studio Solution File, Format Version 12.00
# Visual Studio Version 16
VisualStudioVersion = 16.0.30204.135
MinimumVisualStudioVersion = 10.0.40219.1
Project("{FAE04EC0-301F-11D3-BF4B-00C04F79EFBC}") = "FunctionAppForBlobStorageTrigger", "FunctionAppForBlobStorageTrigger.csproj", "{DA9DE6C1-D721-4CB1-9D73-B8800EE9A7C9}"
EndProject
Global
	GlobalSection(SolutionConfigurationPlatforms) = preSolution
		Debug|Any CPU = Debug|Any CPU
		Release|Any CPU = Release|Any CPU
	EndGlobalSection
	GlobalSection(ProjectConfigurationPlatforms) = postSolution
		{DA9DE6C1-D721-4CB1-9D73-B8800EE9A7C9}.Debug|Any CPU.ActiveCfg = Debug|Any CPU
		{DA9DE6C1-D721-4CB1-9D73-B8800EE9A7C9}.Debug|Any CPU.Build.0 = Debug|Any CPU
		{DA9DE6C1-D721-4CB1-9D73-B8800EE9A7C9}.Release|Any CPU.ActiveCfg = Release|Any CPU
		{DA9DE6C1-D721-4CB1-9D73-B8800EE9A7C9}.Release|Any CPU.Build.0 = Release|Any CPU
	EndGlobalSection
	GlobalSection(SolutionProperties) = preSolution
		HideSolutionNode = FALSE
	EndGlobalSection
	GlobalSection(ExtensibilityGlobals) = postSolution
		SolutionGuid = {652A2A96-4BEC-4540-AC1B-C5F79E7B1BD4}
	EndGlobalSection
EndGlobal
